
Microsoft Visual Studio Solution File, Format Version 12.00
# Visual Studio Version 16
VisualStudioVersion = 16.0.29519.87
MinimumVisualStudioVersion = 10.0.40219.1
Project("{FAE04EC0-301F-11D3-BF4B-00C04F79EFBC}") = "AppGit", "AppGit\AppGit.csproj", "{F4B7D426-A295-46EB-8F35-DD2E1A6BA3CB}"
EndProject
Global
	GlobalSection(SolutionConfigurationPlatforms) = preSolution
		Debug|Any CPU = Debug|Any CPU
		Release|Any CPU = Release|Any CPU
	EndGlobalSection
	GlobalSection(ProjectConfigurationPlatforms) = postSolution
		{F4B7D426-A295-46EB-8F35-DD2E1A6BA3CB}.Debug|Any CPU.ActiveCfg = Debug|Any CPU
		{F4B7D426-A295-46EB-8F35-DD2E1A6BA3CB}.Debug|Any CPU.Build.0 = Debug|Any CPU
		{F4B7D426-A295-46EB-8F35-DD2E1A6BA3CB}.Release|Any CPU.ActiveCfg = Release|Any CPU
		{F4B7D426-A295-46EB-8F35-DD2E1A6BA3CB}.Release|Any CPU.Build.0 = Release|Any CPU
	EndGlobalSection
	GlobalSection(SolutionProperties) = preSolution
		HideSolutionNode = FALSE
	EndGlobalSection
	GlobalSection(ExtensibilityGlobals) = postSolution
		SolutionGuid = {CEB2D97D-71F7-40A9-A4E4-1250A60C7EBA}
	EndGlobalSection
EndGlobal
